// !$*UTF8*$!
{
	archiveVersion = 1;
	classes = {
	};
	objectVersion = 77;
	objects = {

/* Begin PBXContainerItemProxy section */
		1BFA34722E615EA200A698C8 /* PBXContainerItemProxy */ = {
			isa = PBXContainerItemProxy;
			containerPortal = 1BFA34532E615EA100A698C8 /* Project object */;
			proxyType = 1;
			remoteGlobalIDString = 1BFA345A2E615EA100A698C8;
			remoteInfo = SystemViewController;
		};
		1BFA347C2E615EA200A698C8 /* PBXContainerItemProxy */ = {
			isa = PBXContainerItemProxy;
			containerPortal = 1BFA34532E615EA100A698C8 /* Project object */;
			proxyType = 1;
			remoteGlobalIDString = 1BFA345A2E615EA100A698C8;
			remoteInfo = SystemViewController;
		};
/* End PBXContainerItemProxy section */

/* Begin PBXFileReference section */
		1BFA345B2E615EA100A698C8 /* SystemViewController.app */ = {isa = PBXFileReference; explicitFileType = wrapper.application; includeInIndex = 0; path = SystemViewController.app; sourceTree = BUILT_PRODUCTS_DIR; };
		1BFA34712E615EA200A698C8 /* SystemViewControllerTests.xctest */ = {isa = PBXFileReference; explicitFileType = wrapper.cfbundle; includeInIndex = 0; path = SystemViewControllerTests.xctest; sourceTree = BUILT_PRODUCTS_DIR; };
		1BFA347B2E615EA200A698C8 /* SystemViewControllerUITests.xctest */ = {isa = PBXFileReference; explicitFileType = wrapper.cfbundle; includeInIndex = 0; path = SystemViewControllerUITests.xctest; sourceTree = BUILT_PRODUCTS_DIR; };
/* End PBXFileReference section */

/* Begin PBXFileSystemSynchronizedBuildFileExceptionSet section */
		1BFA34832E615EA200A698C8 /* Exceptions for "SystemViewController" folder in "SystemViewController" target */ = {
			isa = PBXFileSystemSynchronizedBuildFileExceptionSet;
			membershipExceptions = (
				Info.plist,
			);
			target = 1BFA345A2E615EA100A698C8 /* SystemViewController */;
		};
/* End PBXFileSystemSynchronizedBuildFileExceptionSet section */

/* Begin PBXFileSystemSynchronizedRootGroup section */
		1BFA345D2E615EA100A698C8 /* SystemViewController */ = {
			isa = PBXFileSystemSynchronizedRootGroup;
			exceptions = (
				1BFA34832E615EA200A698C8 /* Exceptions for "SystemViewController" folder in "SystemViewController" target */,
			);
			path = SystemViewController;
			sourceTree = "<group>";
		};
		1BFA34742E615EA200A698C8 /* SystemViewControllerTests */ = {
			isa = PBXFileSystemSynchronizedRootGroup;
			path = SystemViewControllerTests;
			sourceTree = "<group>";
		};
		1BFA347E2E615EA200A698C8 /* SystemViewControllerUITests */ = {
			isa = PBXFileSystemSynchronizedRootGroup;
			path = SystemViewControllerUITests;
			sourceTree = "<group>";
		};
/* End PBXFileSystemSynchronizedRootGroup section */

/* Begin PBXFrameworksBuildPhase section */
		1BFA34582E615EA100A698C8 /* Frameworks */ = {
			isa = PBXFrameworksBuildPhase;
			buildActionMask = 2147483647;
			files = (
			);
			runOnlyForDeploymentPostprocessing = 0;
		};
		1BFA346E2E615EA200A698C8 /* Frameworks */ = {
			isa = PBXFrameworksBuildPhase;
			buildActionMask = 2147483647;
			files = (
			);
			runOnlyForDeploymentPostprocessing = 0;
		};
		1BFA34782E615EA200A698C8 /* Frameworks */ = {
			isa = PBXFrameworksBuildPhase;
			buildActionMask = 2147483647;
			files = (
			);
			runOnlyForDeploymentPostprocessing = 0;
		};
/* End PBXFrameworksBuildPhase section */

/* Begin PBXGroup section */
		1BFA34522E615EA100A698C8 = {
			isa = PBXGroup;
			children = (
				1BFA345D2E615EA100A698C8 /* SystemViewController */,
				1BFA34742E615EA200A698C8 /* SystemViewControllerTests */,
				1BFA347E2E615EA200A698C8 /* SystemViewControllerUITests */,
				1BFA345C2E615EA100A698C8 /* Products */,
			);
			sourceTree = "<group>";
		};
		1BFA345C2E615EA100A698C8 /* Products */ = {
			isa = PBXGroup;
			children = (
				1BFA345B2E615EA100A698C8 /* SystemViewController.app */,
				1BFA34712E615EA200A698C8 /* SystemViewControllerTests.xctest */,
				1BFA347B2E615EA200A698C8 /* SystemViewControllerUITests.xctest */,
			);
			name = Products;
			sourceTree = "<group>";
		};
/* End PBXGroup section */

/* Begin PBXNativeTarget section */
		1BFA345A2E615EA100A698C8 /* SystemViewController */ = {
			isa = PBXNativeTarget;
			buildConfigurationList = 1BFA34842E615EA200A698C8 /* Build configuration list for PBXNativeTarget "SystemViewController" */;
			buildPhases = (
				1BFA34572E615EA100A698C8 /* Sources */,
				1BFA34582E615EA100A698C8 /* Frameworks */,
				1BFA34592E615EA100A698C8 /* Resources */,
			);
			buildRules = (
			);
			dependencies = (
			);
			fileSystemSynchronizedGroups = (
				1BFA345D2E615EA100A698C8 /* SystemViewController */,
			);
			name = SystemViewController;
			packageProductDependencies = (
			);
			productName = SystemViewController;
			productReference = 1BFA345B2E615EA100A698C8 /* SystemViewController.app */;
			productType = "com.apple.product-type.application";
		};
		1BFA34702E615EA200A698C8 /* SystemViewControllerTests */ = {
			isa = PBXNativeTarget;
			buildConfigurationList = 1BFA34892E615EA200A698C8 /* Build configuration list for PBXNativeTarget "SystemViewControllerTests" */;
			buildPhases = (
				1BFA346D2E615EA200A698C8 /* Sources */,
				1BFA346E2E615EA200A698C8 /* Frameworks */,
				1BFA346F2E615EA200A698C8 /* Resources */,
			);
			buildRules = (
			);
			dependencies = (
				1BFA34732E615EA200A698C8 /* PBXTargetDependency */,
			);
			fileSystemSynchronizedGroups = (
				1BFA34742E615EA200A698C8 /* SystemViewControllerTests */,
			);
			name = SystemViewControllerTests;
			packageProductDependencies = (
			);
			productName = SystemViewControllerTests;
			productReference = 1BFA34712E615EA200A698C8 /* SystemViewControllerTests.xctest */;
			productType = "com.apple.product-type.bundle.unit-test";
		};
		1BFA347A2E615EA200A698C8 /* SystemViewControllerUITests */ = {
			isa = PBXNativeTarget;
			buildConfigurationList = 1BFA348C2E615EA200A698C8 /* Build configuration list for PBXNativeTarget "SystemViewControllerUITests" */;
			buildPhases = (
				1BFA34772E615EA200A698C8 /* Sources */,
				1BFA34782E615EA200A698C8 /* Frameworks */,
				1BFA34792E615EA200A698C8 /* Resources */,
			);
			buildRules = (
			);
			dependencies = (
				1BFA347D2E615EA200A698C8 /* PBXTargetDependency */,
			);
			fileSystemSynchronizedGroups = (
				1BFA347E2E615EA200A698C8 /* SystemViewControllerUITests */,
			);
			name = SystemViewControllerUITests;
			packageProductDependencies = (
			);
			productName = SystemViewControllerUITests;
			productReference = 1BFA347B2E615EA200A698C8 /* SystemViewControllerUITests.xctest */;
			productType = "com.apple.product-type.bundle.ui-testing";
		};
/* End PBXNativeTarget section */

/* Begin PBXProject section */
		1BFA34532E615EA100A698C8 /* Project object */ = {
			isa = PBXProject;
			attributes = {
				BuildIndependentTargetsInParallel = 1;
				LastSwiftUpdateCheck = 1640;
				LastUpgradeCheck = 1640;
				TargetAttributes = {
					1BFA345A2E615EA100A698C8 = {
						CreatedOnToolsVersion = 16.4;
					};
					1BFA34702E615EA200A698C8 = {
						CreatedOnToolsVersion = 16.4;
						TestTargetID = 1BFA345A2E615EA100A698C8;
					};
					1BFA347A2E615EA200A698C8 = {
						CreatedOnToolsVersion = 16.4;
						TestTargetID = 1BFA345A2E615EA100A698C8;
					};
				};
			};
			buildConfigurationList = 1BFA34562E615EA100A698C8 /* Build configuration list for PBXProject "SystemViewController" */;
			developmentRegion = en;
			hasScannedForEncodings = 0;
			knownRegions = (
				en,
				Base,
			);
			mainGroup = 1BFA34522E615EA100A698C8;
			minimizedProjectReferenceProxies = 1;
			preferredProjectObjectVersion = 77;
			productRefGroup = 1BFA345C2E615EA100A698C8 /* Products */;
			projectDirPath = "";
			projectRoot = "";
			targets = (
				1BFA345A2E615EA100A698C8 /* SystemViewController */,
				1BFA34702E615EA200A698C8 /* SystemViewControllerTests */,
				1BFA347A2E615EA200A698C8 /* SystemViewControllerUITests */,
			);
		};
/* End PBXProject section */

/* Begin PBXResourcesBuildPhase section */
		1BFA34592E615EA100A698C8 /* Resources */ = {
			isa = PBXResourcesBuildPhase;
			buildActionMask = 2147483647;
			files = (
			);
			runOnlyForDeploymentPostprocessing = 0;
		};
		1BFA346F2E615EA200A698C8 /* Resources */ = {
			isa = PBXResourcesBuildPhase;
			buildActionMask = 2147483647;
			files = (
			);
			runOnlyForDeploymentPostprocessing = 0;
		};
		1BFA34792E615EA200A698C8 /* Resources */ = {
			isa = PBXResourcesBuildPhase;
			buildActionMask = 2147483647;
			files = (
			);
			runOnlyForDeploymentPostprocessing = 0;
		};
/* End PBXResourcesBuildPhase section */

/* Begin PBXSourcesBuildPhase section */
		1BFA34572E615EA100A698C8 /* Sources */ = {
			isa = PBXSourcesBuildPhase;
			buildActionMask = 2147483647;
			files = (
			);
			runOnlyForDeploymentPostprocessing = 0;
		};
		1BFA346D2E615EA200A698C8 /* Sources */ = {
			isa = PBXSourcesBuildPhase;
			buildActionMask = 2147483647;
			files = (
			);
			runOnlyForDeploymentPostprocessing = 0;
		};
		1BFA34772E615EA200A698C8 /* Sources */ = {
			isa = PBXSourcesBuildPhase;
			buildActionMask = 2147483647;
			files = (
			);
			runOnlyForDeploymentPostprocessing = 0;
		};
/* End PBXSourcesBuildPhase section */

/* Begin PBXTargetDependency section */
		1BFA34732E615EA200A698C8 /* PBXTargetDependency */ = {
			isa = PBXTargetDependency;
			target = 1BFA345A2E615EA100A698C8 /* SystemViewController */;
			targetProxy = 1BFA34722E615EA200A698C8 /* PBXContainerItemProxy */;
		};
		1BFA347D2E615EA200A698C8 /* PBXTargetDependency */ = {
			isa = PBXTargetDependency;
			target = 1BFA345A2E615EA100A698C8 /* SystemViewController */;
			targetProxy = 1BFA347C2E615EA200A698C8 /* PBXContainerItemProxy */;
		};
/* End PBXTargetDependency section */

/* Begin XCBuildConfiguration section */
		1BFA34852E615EA200A698C8 /* Debug */ = {
			isa = XCBuildConfiguration;
			buildSettings = {
				ASSETCATALOG_COMPILER_APPICON_NAME = AppIcon;
				ASSETCATALOG_COMPILER_GLOBAL_ACCENT_COLOR_NAME = AccentColor;
				CODE_SIGN_STYLE = Automatic;
				CURRENT_PROJECT_VERSION = 1;
				DEVELOPMENT_TEAM = X36HGBF94G;
				GENERATE_INFOPLIST_FILE = YES;
				INFOPLIST_FILE = SystemViewController/Info.plist;
				INFOPLIST_KEY_UIApplicationSupportsIndirectInputEvents = YES;
				INFOPLIST_KEY_UILaunchStoryboardName = LaunchScreen;
				INFOPLIST_KEY_UIMainStoryboardFile = Main;
				INFOPLIST_KEY_UISupportedInterfaceOrientations_iPad = "UIInterfaceOrientationPortrait UIInterfaceOrientationPortraitUpsideDown UIInterfaceOrientationLandscapeLeft UIInterfaceOrientationLandscapeRight";
				INFOPLIST_KEY_UISupportedInterfaceOrientations_iPhone = "UIInterfaceOrientationPortrait UIInterfaceOrientationLandscapeLeft UIInterfaceOrientationLandscapeRight";
				LD_RUNPATH_SEARCH_PATHS = (
					"$(inherited)",
					"@executable_path/Frameworks",
				);
				MARKETING_VERSION = 1.0;
				PRODUCT_BUNDLE_IDENTIFIER = com.sagar.SystemViewController;
				PRODUCT_NAME = "$(TARGET_NAME)";
				SWIFT_EMIT_LOC_STRINGS = YES;
				SWIFT_VERSION = 5.0;
				TARGETED_DEVICE_FAMILY = "1,2";
			};
			name = Debug;
		};
		1BFA34862E615EA200A698C8 /* Release */ = {
			isa = XCBuildConfiguration;
			buildSettings = {
				ASSETCATALOG_COMPILER_APPICON_NAME = AppIcon;
				ASSETCATALOG_COMPILER_GLOBAL_ACCENT_COLOR_NAME = AccentColor;
				CODE_SIGN_STYLE = Automatic;
				CURRENT_PROJECT_VERSION = 1;
				DEVELOPMENT_TEAM = X36HGBF94G;
				GENERATE_INFOPLIST_FILE = YES;
				INFOPLIST_FILE = SystemViewController/Info.plist;
				INFOPLIST_KEY_UIApplicationSupportsIndirectInputEvents = YES;
				INFOPLIST_KEY_UILaunchStoryboardName = LaunchScreen;
				INFOPLIST_KEY_UIMainStoryboardFile = Main;
				INFOPLIST_KEY_UISupportedInterfaceOrientations_iPad = "UIInterfaceOrientationPortrait UIInterfaceOrientationPortraitUpsideDown UIInterfaceOrientationLandscapeLeft UIInterfaceOrientationLandscapeRight";
				INFOPLIST_KEY_UISupportedInterfaceOrientations_iPhone = "UIInterfaceOrientationPortrait UIInterfaceOrientationLandscapeLeft UIInterfaceOrientationLandscapeRight";
				LD_RUNPATH_SEARCH_PATHS = (
					"$(inherited)",
					"@executable_path/Frameworks",
				);
				MARKETING_VERSION = 1.0;
				PRODUCT_BUNDLE_IDENTIFIER = com.sagar.SystemViewController;
				PRODUCT_NAME = "$(TARGET_NAME)";
				SWIFT_EMIT_LOC_STRINGS = YES;
				SWIFT_VERSION = 5.0;
				TARGETED_DEVICE_FAMILY = "1,2";
			};
			name = Release;
		};
		1BFA34872E615EA200A698C8 /* Debug */ = {
			isa = XCBuildConfiguration;
			buildSettings = {
				ALWAYS_SEARCH_USER_PATHS = NO;
				ASSETCATALOG_COMPILER_GENERATE_SWIFT_ASSET_SYMBOL_EXTENSIONS = YES;
				CLANG_ANALYZER_NONNULL = YES;
				CLANG_ANALYZER_NUMBER_OBJECT_CONVERSION = YES_AGGRESSIVE;
				CLANG_CXX_LANGUAGE_STANDARD = "gnu++20";
				CLANG_ENABLE_MODULES = YES;
				CLANG_ENABLE_OBJC_ARC = YES;
				CLANG_ENABLE_OBJC_WEAK = YES;
				CLANG_WARN_BLOCK_CAPTURE_AUTORELEASING = YES;
				CLANG_WARN_BOOL_CONVERSION = YES;
				CLANG_WARN_COMMA = YES;
				CLANG_WARN_CONSTANT_CONVERSION = YES;
				CLANG_WARN_DEPRECATED_OBJC_IMPLEMENTATIONS = YES;
				CLANG_WARN_DIRECT_OBJC_ISA_USAGE = YES_ERROR;
				CLANG_WARN_DOCUMENTATION_COMMENTS = YES;
				CLANG_WARN_EMPTY_BODY = YES;
				CLANG_WARN_ENUM_CONVERSION = YES;
				CLANG_WARN_INFINITE_RECURSION = YES;
				CLANG_WARN_INT_CONVERSION = YES;
				CLANG_WARN_NON_LITERAL_NULL_CONVERSION = YES;
				CLANG_WARN_OBJC_IMPLICIT_RETAIN_SELF = YES;
				CLANG_WARN_OBJC_LITERAL_CONVERSION = YES;
				CLANG_WARN_OBJC_ROOT_CLASS = YES_ERROR;
				CLANG_WARN_QUOTED_INCLUDE_IN_FRAMEWORK_HEADER = YES;
				CLANG_WARN_RANGE_LOOP_ANALYSIS = YES;
				CLANG_WARN_STRICT_PROTOTYPES = YES;
				CLANG_WARN_SUSPICIOUS_MOVE = YES;
				CLANG_WARN_UNGUARDED_AVAILABILITY = YES_AGGRESSIVE;
				CLANG_WARN_UNREACHABLE_CODE = YES;
				CLANG_WARN__DUPLICATE_METHOD_MATCH = YES;
				COPY_PHASE_STRIP = NO;
				DEBUG_INFORMATION_FORMAT = dwarf;
				DEVELOPMENT_TEAM = X36HGBF94G;
				ENABLE_STRICT_OBJC_MSGSEND = YES;
				ENABLE_TESTABILITY = YES;
				ENABLE_USER_SCRIPT_SANDBOXING = YES;
				GCC_C_LANGUAGE_STANDARD = gnu17;
				GCC_DYNAMIC_NO_PIC = NO;
				GCC_NO_COMMON_BLOCKS = YES;
				GCC_OPTIMIZATION_LEVEL = 0;
				GCC_PREPROCESSOR_DEFINITIONS = (
					"DEBUG=1",
					"$(inherited)",
				);
				GCC_WARN_64_TO_32_BIT_CONVERSION = YES;
				GCC_WARN_ABOUT_RETURN_TYPE = YES_ERROR;
				GCC_WARN_UNDECLARED_SELECTOR = YES;
				GCC_WARN_UNINITIALIZED_AUTOS = YES_AGGRESSIVE;
				GCC_WARN_UNUSED_FUNCTION = YES;
				GCC_WARN_UNUSED_VARIABLE = YES;
				IPHONEOS_DEPLOYMENT_TARGET = 18.5;
				LOCALIZATION_PREFERS_STRING_CATALOGS = YES;
				MTL_ENABLE_DEBUG_INFO = INCLUDE_SOURCE;
				MTL_FAST_MATH = YES;
				ONLY_ACTIVE_ARCH = YES;
				SDKROOT = iphoneos;
				SWIFT_ACTIVE_COMPILATION_CONDITIONS = "DEBUG $(inherited)";
				SWIFT_OPTIMIZATION_LEVEL = "-Onone";
			};
			name = Debug;
		};
		1BFA34882E615EA200A698C8 /* Release */ = {
			isa = XCBuildConfiguration;
			buildSettings = {
				ALWAYS_SEARCH_USER_PATHS = NO;
				ASSETCATALOG_COMPILER_GENERATE_SWIFT_ASSET_SYMBOL_EXTENSIONS = YES;
				CLANG_ANALYZER_NONNULL = YES;
				CLANG_ANALYZER_NUMBER_OBJECT_CONVERSION = YES_AGGRESSIVE;
				CLANG_CXX_LANGUAGE_STANDARD = "gnu++20";
				CLANG_ENABLE_MODULES = YES;
				CLANG_ENABLE_OBJC_ARC = YES;
				CLANG_ENABLE_OBJC_WEAK = YES;
				CLANG_WARN_BLOCK_CAPTURE_AUTORELEASING = YES;
				CLANG_WARN_BOOL_CONVERSION = YES;
				CLANG_WARN_COMMA = YES;
				CLANG_WARN_CONSTANT_CONVERSION = YES;
				CLANG_WARN_DEPRECATED_OBJC_IMPLEMENTATIONS = YES;
				CLANG_WARN_DIRECT_OBJC_ISA_USAGE = YES_ERROR;
				CLANG_WARN_DOCUMENTATION_COMMENTS = YES;
				CLANG_WARN_EMPTY_BODY = YES;
				CLANG_WARN_ENUM_CONVERSION = YES;
				CLANG_WARN_INFINITE_RECURSION = YES;
				CLANG_WARN_INT_CONVERSION = YES;
				CLANG_WARN_NON_LITERAL_NULL_CONVERSION = YES;
				CLANG_WARN_OBJC_IMPLICIT_RETAIN_SELF = YES;
				CLANG_WARN_OBJC_LITERAL_CONVERSION = YES;
				CLANG_WARN_OBJC_ROOT_CLASS = YES_ERROR;
				CLANG_WARN_QUOTED_INCLUDE_IN_FRAMEWORK_HEADER = YES;
				CLANG_WARN_RANGE_LOOP_ANALYSIS = YES;
				CLANG_WARN_STRICT_PROTOTYPES = YES;
				CLANG_WARN_SUSPICIOUS_MOVE = YES;
				CLANG_WARN_UNGUARDED_AVAILABILITY = YES_AGGRESSIVE;
				CLANG_WARN_UNREACHABLE_CODE = YES;
				CLANG_WARN__DUPLICATE_METHOD_MATCH = YES;
				COPY_PHASE_STRIP = NO;
				DEBUG_INFORMATION_FORMAT = "dwarf-with-dsym";
				DEVELOPMENT_TEAM = X36HGBF94G;
				ENABLE_NS_ASSERTIONS = NO;
				ENABLE_STRICT_OBJC_MSGSEND = YES;
				ENABLE_USER_SCRIPT_SANDBOXING = YES;
				GCC_C_LANGUAGE_STANDARD = gnu17;
				GCC_NO_COMMON_BLOCKS = YES;
				GCC_WARN_64_TO_32_BIT_CONVERSION = YES;
				GCC_WARN_ABOUT_RETURN_TYPE = YES_ERROR;
				GCC_WARN_UNDECLARED_SELECTOR = YES;
				GCC_WARN_UNINITIALIZED_AUTOS = YES_AGGRESSIVE;
				GCC_WARN_UNUSED_FUNCTION = YES;
				GCC_WARN_UNUSED_VARIABLE = YES;
				IPHONEOS_DEPLOYMENT_TARGET = 18.5;
				LOCALIZATION_PREFERS_STRING_CATALOGS = YES;
				MTL_ENABLE_DEBUG_INFO = NO;
				MTL_FAST_MATH = YES;
				SDKROOT = iphoneos;
				SWIFT_COMPILATION_MODE = wholemodule;
				VALIDATE_PRODUCT = YES;
			};
			name = Release;
		};
		1BFA348A2E615EA200A698C8 /* Debug */ = {
			isa = XCBuildConfiguration;
			buildSettings = {
				BUNDLE_LOADER = "$(TEST_HOST)";
				CODE_SIGN_STYLE = Automatic;
				CURRENT_PROJECT_VERSION = 1;
				DEVELOPMENT_TEAM = X36HGBF94G;
				GENERATE_INFOPLIST_FILE = YES;
				IPHONEOS_DEPLOYMENT_TARGET = 18.5;
				MARKETING_VERSION = 1.0;
				PRODUCT_BUNDLE_IDENTIFIER = com.sagar.SystemViewControllerTests;
				PRODUCT_NAME = "$(TARGET_NAME)";
				SWIFT_EMIT_LOC_STRINGS = NO;
				SWIFT_VERSION = 5.0;
				TARGETED_DEVICE_FAMILY = "1,2";
				TEST_HOST = "$(BUILT_PRODUCTS_DIR)/SystemViewController.app/$(BUNDLE_EXECUTABLE_FOLDER_PATH)/SystemViewController";
			};
			name = Debug;
		};
		1BFA348B2E615EA200A698C8 /* Release */ = {
			isa = XCBuildConfiguration;
			buildSettings = {
				BUNDLE_LOADER = "$(TEST_HOST)";
				CODE_SIGN_STYLE = Automatic;
				CURRENT_PROJECT_VERSION = 1;
				DEVELOPMENT_TEAM = X36HGBF94G;
				GENERATE_INFOPLIST_FILE = YES;
				IPHONEOS_DEPLOYMENT_TARGET = 18.5;
				MARKETING_VERSION = 1.0;
				PRODUCT_BUNDLE_IDENTIFIER = com.sagar.SystemViewControllerTests;
				PRODUCT_NAME = "$(TARGET_NAME)";
				SWIFT_EMIT_LOC_STRINGS = NO;
				SWIFT_VERSION = 5.0;
				TARGETED_DEVICE_FAMILY = "1,2";
				TEST_HOST = "$(BUILT_PRODUCTS_DIR)/SystemViewController.app/$(BUNDLE_EXECUTABLE_FOLDER_PATH)/SystemViewController";
			};
			name = Release;
		};
		1BFA348D2E615EA200A698C8 /* Debug */ = {
			isa = XCBuildConfiguration;
			buildSettings = {
				CODE_SIGN_STYLE = Automatic;
				CURRENT_PROJECT_VERSION = 1;
				DEVELOPMENT_TEAM = X36HGBF94G;
				GENERATE_INFOPLIST_FILE = YES;
				MARKETING_VERSION = 1.0;
				PRODUCT_BUNDLE_IDENTIFIER = com.sagar.SystemViewControllerUITests;
				PRODUCT_NAME = "$(TARGET_NAME)";
				SWIFT_EMIT_LOC_STRINGS = NO;
				SWIFT_VERSION = 5.0;
				TARGETED_DEVICE_FAMILY = "1,2";
				TEST_TARGET_NAME = SystemViewController;
			};
			name = Debug;
		};
		1BFA348E2E615EA200A698C8 /* Release */ = {
			isa = XCBuildConfiguration;
			buildSettings = {
				CODE_SIGN_STYLE = Automatic;
				CURRENT_PROJECT_VERSION = 1;
				DEVELOPMENT_TEAM = X36HGBF94G;
				GENERATE_INFOPLIST_FILE = YES;
				MARKETING_VERSION = 1.0;
				PRODUCT_BUNDLE_IDENTIFIER = com.sagar.SystemViewControllerUITests;
				PRODUCT_NAME = "$(TARGET_NAME)";
				SWIFT_EMIT_LOC_STRINGS = NO;
				SWIFT_VERSION = 5.0;
				TARGETED_DEVICE_FAMILY = "1,2";
				TEST_TARGET_NAME = SystemViewController;
			};
			name = Release;
		};
/* End XCBuildConfiguration section */

/* Begin XCConfigurationList section */
		1BFA34562E615EA100A698C8 /* Build configuration list for PBXProject "SystemViewController" */ = {
			isa = XCConfigurationList;
			buildConfigurations = (
				1BFA34872E615EA200A698C8 /* Debug */,
				1BFA34882E615EA200A698C8 /* Release */,
			);
			defaultConfigurationIsVisible = 0;
			defaultConfigurationName = Release;
		};
		1BFA34842E615EA200A698C8 /* Build configuration list for PBXNativeTarget "SystemViewController" */ = {
			isa = XCConfigurationList;
			buildConfigurations = (
				1BFA34852E615EA200A698C8 /* Debug */,
				1BFA34862E615EA200A698C8 /* Release */,
			);
			defaultConfigurationIsVisible = 0;
			defaultConfigurationName = Release;
		};
		1BFA34892E615EA200A698C8 /* Build configuration list for PBXNativeTarget "SystemViewControllerTests" */ = {
			isa = XCConfigurationList;
			buildConfigurations = (
				1BFA348A2E615EA200A698C8 /* Debug */,
				1BFA348B2E615EA200A698C8 /* Release */,
			);
			defaultConfigurationIsVisible = 0;
			defaultConfigurationName = Release;
		};
		1BFA348C2E615EA200A698C8 /* Build configuration list for PBXNativeTarget "SystemViewControllerUITests" */ = {
			isa = XCConfigurationList;
			buildConfigurations = (
				1BFA348D2E615EA200A698C8 /* Debug */,
				1BFA348E2E615EA200A698C8 /* Release */,
			);
			defaultConfigurationIsVisible = 0;
			defaultConfigurationName = Release;
		};
/* End XCConfigurationList section */
	};
	rootObject = 1BFA34532E615EA100A698C8 /* Project object */;
}
